
Microsoft Visual Studio Solution File, Format Version 12.00
# Visual Studio Version 16
VisualStudioVersion = 16.0.30104.148
MinimumVisualStudioVersion = 10.0.40219.1
Project("{FAE04EC0-301F-11D3-BF4B-00C04F79EFBC}") = "MESAutoReportForFTTestYield", "MESAutoReportForFTTestYield\MESAutoReportForFTTestYield.csproj", "{FE53C86E-BF90-44C1-BCB7-863206066A7A}"
EndProject
Global
	GlobalSection(SolutionConfigurationPlatforms) = preSolution
		Debug|Any CPU = Debug|Any CPU
		Release|Any CPU = Release|Any CPU
	EndGlobalSection
	GlobalSection(ProjectConfigurationPlatforms) = postSolution
		{FE53C86E-BF90-44C1-BCB7-863206066A7A}.Debug|Any CPU.ActiveCfg = Debug|Any CPU
		{FE53C86E-BF90-44C1-BCB7-863206066A7A}.Debug|Any CPU.Build.0 = Debug|Any CPU
		{FE53C86E-BF90-44C1-BCB7-863206066A7A}.Release|Any CPU.ActiveCfg = Release|Any CPU
		{FE53C86E-BF90-44C1-BCB7-863206066A7A}.Release|Any CPU.Build.0 = Release|Any CPU
	EndGlobalSection
	GlobalSection(SolutionProperties) = preSolution
		HideSolutionNode = FALSE
	EndGlobalSection
	GlobalSection(ExtensibilityGlobals) = postSolution
		SolutionGuid = {D57365F8-90E7-490F-B554-28EE6A3764F3}
	EndGlobalSection
EndGlobal
